
Microsoft Visual Studio Solution File, Format Version 12.00
# Visual Studio Version 16
VisualStudioVersion = 16.0.31313.79
MinimumVisualStudioVersion = 10.0.40219.1
Project("{9A19103F-16F7-4668-BE54-9A1E7A4F7556}") = "ChoiceVisualizer", "ChoiceVisualizer\ChoiceVisualizer.csproj", "{C01D82D0-286D-468A-BDAF-F419C490BC1A}"
EndProject
Project("{9A19103F-16F7-4668-BE54-9A1E7A4F7556}") = "EnterpriseLibrary.Core", "EnterpriseLibrary.Core\EnterpriseLibrary.Core.csproj", "{4E75987C-77FD-4F51-8A84-CAF038EE3D4E}"
EndProject
Project("{9A19103F-16F7-4668-BE54-9A1E7A4F7556}") = "FileSystemChoicePreparation", "FileSystemChoicePreparation\FileSystemChoicePreparation.csproj", "{9BAA64BA-9FEB-418A-A9A8-4C62CD295899}"
EndProject
Project("{9A19103F-16F7-4668-BE54-9A1E7A4F7556}") = "Tests", "Tests\Tests.csproj", "{7F7A51F7-930E-43C1-A50F-76336651D4E2}"
EndProject
Project("{FAE04EC0-301F-11D3-BF4B-00C04F79EFBC}") = "ArtLibApi", "ArtLibApi\ArtLibApi.csproj", "{666F497D-9762-4A3F-B630-BFFDFD95ABF8}"
EndProject
Project("{2150E333-8FDC-42A3-9474-1A3956D46DE8}") = "ArtLib", "ArtLib", "{89255852-3A9B-4AE5-B97E-265D09D9A3E1}"
EndProject
Project("{FAE04EC0-301F-11D3-BF4B-00C04F79EFBC}") = "Database", "Database\Database.csproj", "{B4DB8815-3904-4498-8784-D72D5E7C1A43}"
EndProject
Project("{9A19103F-16F7-4668-BE54-9A1E7A4F7556}") = "ArtLib.Core", "ArtLib.Core\ArtLib.Core.csproj", "{1FBD1B87-5820-4243-AC64-E87910C0A668}"
EndProject
Global
	GlobalSection(SolutionConfigurationPlatforms) = preSolution
		Debug|Any CPU = Debug|Any CPU
		Release|Any CPU = Release|Any CPU
	EndGlobalSection
	GlobalSection(ProjectConfigurationPlatforms) = postSolution
		{C01D82D0-286D-468A-BDAF-F419C490BC1A}.Debug|Any CPU.ActiveCfg = Debug|Any CPU
		{C01D82D0-286D-468A-BDAF-F419C490BC1A}.Debug|Any CPU.Build.0 = Debug|Any CPU
		{C01D82D0-286D-468A-BDAF-F419C490BC1A}.Release|Any CPU.ActiveCfg = Release|Any CPU
		{C01D82D0-286D-468A-BDAF-F419C490BC1A}.Release|Any CPU.Build.0 = Release|Any CPU
		{4E75987C-77FD-4F51-8A84-CAF038EE3D4E}.Debug|Any CPU.ActiveCfg = Debug|Any CPU
		{4E75987C-77FD-4F51-8A84-CAF038EE3D4E}.Debug|Any CPU.Build.0 = Debug|Any CPU
		{4E75987C-77FD-4F51-8A84-CAF038EE3D4E}.Release|Any CPU.ActiveCfg = Release|Any CPU
		{4E75987C-77FD-4F51-8A84-CAF038EE3D4E}.Release|Any CPU.Build.0 = Release|Any CPU
		{9BAA64BA-9FEB-418A-A9A8-4C62CD295899}.Debug|Any CPU.ActiveCfg = Debug|Any CPU
		{9BAA64BA-9FEB-418A-A9A8-4C62CD295899}.Debug|Any CPU.Build.0 = Debug|Any CPU
		{9BAA64BA-9FEB-418A-A9A8-4C62CD295899}.Release|Any CPU.ActiveCfg = Release|Any CPU
		{9BAA64BA-9FEB-418A-A9A8-4C62CD295899}.Release|Any CPU.Build.0 = Release|Any CPU
		{7F7A51F7-930E-43C1-A50F-76336651D4E2}.Debug|Any CPU.ActiveCfg = Debug|Any CPU
		{7F7A51F7-930E-43C1-A50F-76336651D4E2}.Debug|Any CPU.Build.0 = Debug|Any CPU
		{7F7A51F7-930E-43C1-A50F-76336651D4E2}.Release|Any CPU.ActiveCfg = Release|Any CPU
		{7F7A51F7-930E-43C1-A50F-76336651D4E2}.Release|Any CPU.Build.0 = Release|Any CPU
		{666F497D-9762-4A3F-B630-BFFDFD95ABF8}.Debug|Any CPU.ActiveCfg = Debug|Any CPU
		{666F497D-9762-4A3F-B630-BFFDFD95ABF8}.Debug|Any CPU.Build.0 = Debug|Any CPU
		{666F497D-9762-4A3F-B630-BFFDFD95ABF8}.Release|Any CPU.ActiveCfg = Release|Any CPU
		{666F497D-9762-4A3F-B630-BFFDFD95ABF8}.Release|Any CPU.Build.0 = Release|Any CPU
		{B4DB8815-3904-4498-8784-D72D5E7C1A43}.Debug|Any CPU.ActiveCfg = Debug|Any CPU
		{B4DB8815-3904-4498-8784-D72D5E7C1A43}.Debug|Any CPU.Build.0 = Debug|Any CPU
		{B4DB8815-3904-4498-8784-D72D5E7C1A43}.Release|Any CPU.ActiveCfg = Release|Any CPU
		{B4DB8815-3904-4498-8784-D72D5E7C1A43}.Release|Any CPU.Build.0 = Release|Any CPU
		{1FBD1B87-5820-4243-AC64-E87910C0A668}.Debug|Any CPU.ActiveCfg = Debug|Any CPU
		{1FBD1B87-5820-4243-AC64-E87910C0A668}.Debug|Any CPU.Build.0 = Debug|Any CPU
		{1FBD1B87-5820-4243-AC64-E87910C0A668}.Release|Any CPU.ActiveCfg = Release|Any CPU
		{1FBD1B87-5820-4243-AC64-E87910C0A668}.Release|Any CPU.Build.0 = Release|Any CPU
	EndGlobalSection
	GlobalSection(SolutionProperties) = preSolution
		HideSolutionNode = FALSE
	EndGlobalSection
	GlobalSection(NestedProjects) = preSolution
		{666F497D-9762-4A3F-B630-BFFDFD95ABF8} = {89255852-3A9B-4AE5-B97E-265D09D9A3E1}
		{B4DB8815-3904-4498-8784-D72D5E7C1A43} = {89255852-3A9B-4AE5-B97E-265D09D9A3E1}
		{1FBD1B87-5820-4243-AC64-E87910C0A668} = {89255852-3A9B-4AE5-B97E-265D09D9A3E1}
	EndGlobalSection
	GlobalSection(ExtensibilityGlobals) = postSolution
		SolutionGuid = {8547A843-D675-4FCB-BF90-F9A39D71C806}
	EndGlobalSection
EndGlobal
